// !$*UTF8*$!
{
	archiveVersion = 1;
	classes = {
	};
	objectVersion = 48;
	objects = {

/* Begin PBXBuildFile section */
		0B16D873206A894F004CE7FB /* HomePageViewController.swift in Sources */ = {isa = PBXBuildFile; fileRef = 0B16D872206A894F004CE7FB /* HomePageViewController.swift */; };
		0B16D875206A8B0D004CE7FB /* HomePageContentViewController.swift in Sources */ = {isa = PBXBuildFile; fileRef = 0B16D874206A8B0D004CE7FB /* HomePageContentViewController.swift */; };
		0B2592D72058AFF70012693E /* WatchListContentViewController.swift in Sources */ = {isa = PBXBuildFile; fileRef = 0B2592D62058AFF70012693E /* WatchListContentViewController.swift */; };
		0B5FBAAE20715AAE00881D02 /* AllMessageViewController.swift in Sources */ = {isa = PBXBuildFile; fileRef = 0B5FBAAD20715AAE00881D02 /* AllMessageViewController.swift */; };
		0B5FBAB02071C31800881D02 /* Message.swift in Sources */ = {isa = PBXBuildFile; fileRef = 0B5FBAAF2071C31800881D02 /* Message.swift */; };
		0B5FBAB22073E4AC00881D02 /* User.swift in Sources */ = {isa = PBXBuildFile; fileRef = 0B5FBAB12073E4AC00881D02 /* User.swift */; };
		0B91D2CC20493E27005C8D6F /* CreateNewAndEventsPostViewController.swift in Sources */ = {isa = PBXBuildFile; fileRef = 0B91D2CB20493E27005C8D6F /* CreateNewAndEventsPostViewController.swift */; };
		0B91D2CE20494116005C8D6F /* CreateBusinessPostViewController.swift in Sources */ = {isa = PBXBuildFile; fileRef = 0B91D2CD20494116005C8D6F /* CreateBusinessPostViewController.swift */; };
		0B91D2D020494240005C8D6F /* CreateJobAndInternshipPostViewController.swift in Sources */ = {isa = PBXBuildFile; fileRef = 0B91D2CF20494240005C8D6F /* CreateJobAndInternshipPostViewController.swift */; };
		0BC13C39206CAF4F0036F66D /* BusinessFeedViewController.swift in Sources */ = {isa = PBXBuildFile; fileRef = 0BC13C38206CAF4F0036F66D /* BusinessFeedViewController.swift */; };
		0BC13C3B206CAF7F0036F66D /* JobAndInternshipFeedViewController.swift in Sources */ = {isa = PBXBuildFile; fileRef = 0BC13C3A206CAF7F0036F66D /* JobAndInternshipFeedViewController.swift */; };
		0BC13C3D206CB0040036F66D /* BusinessContentViewController.swift in Sources */ = {isa = PBXBuildFile; fileRef = 0BC13C3C206CB0040036F66D /* BusinessContentViewController.swift */; };
		0BC13C3F206CB03B0036F66D /* JobAndInternshipContentViewController.swift in Sources */ = {isa = PBXBuildFile; fileRef = 0BC13C3E206CB03B0036F66D /* JobAndInternshipContentViewController.swift */; };
		0BCE4B22204A62BB0066A55B /* NewsAndEventsFeedViewController.swift in Sources */ = {isa = PBXBuildFile; fileRef = 0BCE4B21204A62BB0066A55B /* NewsAndEventsFeedViewController.swift */; };
		0BCE4B24204A632B0066A55B /* PostBoard.swift in Sources */ = {isa = PBXBuildFile; fileRef = 0BCE4B23204A632B0066A55B /* PostBoard.swift */; };
		0BCE4B26204A6EE60066A55B /* NewsAndEventFeedTableViewCell.swift in Sources */ = {isa = PBXBuildFile; fileRef = 0BCE4B25204A6EE60066A55B /* NewsAndEventFeedTableViewCell.swift */; };
		0BCE4B28204B7DF60066A55B /* NewsAndEventContentTableViewCell.swift in Sources */ = {isa = PBXBuildFile; fileRef = 0BCE4B27204B7DF60066A55B /* NewsAndEventContentTableViewCell.swift */; };
		0BCE4B2A204BBD600066A55B /* NAEcomment.swift in Sources */ = {isa = PBXBuildFile; fileRef = 0BCE4B29204BBD600066A55B /* NAEcomment.swift */; };
		0BCE4B2C204CCAAB0066A55B /* WatchListViewController.swift in Sources */ = {isa = PBXBuildFile; fileRef = 0BCE4B2B204CCAAB0066A55B /* WatchListViewController.swift */; };
		1AB4BAD2EC8D65B4156D7EC2 /* Pods_EMUICTProject.framework in Frameworks */ = {isa = PBXBuildFile; fileRef = 293828B53FA2DAD9F6CD750C /* Pods_EMUICTProject.framework */; };
		8536B498202F6C84003BB909 /* StaffRegisterViewController.swift in Sources */ = {isa = PBXBuildFile; fileRef = 8536B497202F6C84003BB909 /* StaffRegisterViewController.swift */; };
		855DBCF6206E3C3E000A76B7 /* ChatViewController.swift in Sources */ = {isa = PBXBuildFile; fileRef = 855DBCF5206E3C3E000A76B7 /* ChatViewController.swift */; };
		855DBCFB206E3C8C000A76B7 /* GenOrderViewController.swift in Sources */ = {isa = PBXBuildFile; fileRef = 855DBCF7206E3C8B000A76B7 /* GenOrderViewController.swift */; };
		855DBCFC206E3C8C000A76B7 /* OrderViewController.swift in Sources */ = {isa = PBXBuildFile; fileRef = 855DBCF8206E3C8C000A76B7 /* OrderViewController.swift */; };
		855DBCFD206E3C8C000A76B7 /* ProductPaymentViewController.swift in Sources */ = {isa = PBXBuildFile; fileRef = 855DBCF9206E3C8C000A76B7 /* ProductPaymentViewController.swift */; };
		855DBCFE206E3C8C000A76B7 /* ConfirmOrderViewController.swift in Sources */ = {isa = PBXBuildFile; fileRef = 855DBCFA206E3C8C000A76B7 /* ConfirmOrderViewController.swift */; };
		855DBD01206E3CA6000A76B7 /* ConfirmOrderTableViewCell.swift in Sources */ = {isa = PBXBuildFile; fileRef = 855DBCFF206E3CA6000A76B7 /* ConfirmOrderTableViewCell.swift */; };
		855DBD02206E3CA6000A76B7 /* OrderTableViewCell.swift in Sources */ = {isa = PBXBuildFile; fileRef = 855DBD00206E3CA6000A76B7 /* OrderTableViewCell.swift */; };
		855DBD04206E3CB5000A76B7 /* Order.swift in Sources */ = {isa = PBXBuildFile; fileRef = 855DBD03206E3CB5000A76B7 /* Order.swift */; };
		855DBD06206E6D77000A76B7 /* Product.swift in Sources */ = {isa = PBXBuildFile; fileRef = 855DBD05206E6D77000A76B7 /* Product.swift */; };
		856BC4E720335D9B00AC712A /* AccountMenuViewController.swift in Sources */ = {isa = PBXBuildFile; fileRef = 856BC4E620335D9B00AC712A /* AccountMenuViewController.swift */; };
		856BC4E920348E1E00AC712A /* StudentReportViewController.swift in Sources */ = {isa = PBXBuildFile; fileRef = 856BC4E820348E1E00AC712A /* StudentReportViewController.swift */; };
		856BC4EB20348E3400AC712A /* CompanyReportViewController.swift in Sources */ = {isa = PBXBuildFile; fileRef = 856BC4EA20348E3400AC712A /* CompanyReportViewController.swift */; };
		856BC4ED20348E4400AC712A /* StaffReportViewController.swift in Sources */ = {isa = PBXBuildFile; fileRef = 856BC4EC20348E4400AC712A /* StaffReportViewController.swift */; };
		856BC4EF20348E5600AC712A /* AlumniReportViewController.swift in Sources */ = {isa = PBXBuildFile; fileRef = 856BC4EE20348E5600AC712A /* AlumniReportViewController.swift */; };
		85836DE82054296800117149 /* MyProfileStudentViewController.swift in Sources */ = {isa = PBXBuildFile; fileRef = 85836DE72054296800117149 /* MyProfileStudentViewController.swift */; };
		85836DEC205429D500117149 /* MyProfileAlumniViewController.swift in Sources */ = {isa = PBXBuildFile; fileRef = 85836DEB205429D500117149 /* MyProfileAlumniViewController.swift */; };
		85836DEE205429E300117149 /* MyProfileStaffViewController.swift in Sources */ = {isa = PBXBuildFile; fileRef = 85836DED205429E300117149 /* MyProfileStaffViewController.swift */; };
		85836DF0205429F800117149 /* MyProfileCompanyViewController.swift in Sources */ = {isa = PBXBuildFile; fileRef = 85836DEF205429F800117149 /* MyProfileCompanyViewController.swift */; };
		85836DF22055244300117149 /* EditStudentProfileViewController.swift in Sources */ = {isa = PBXBuildFile; fileRef = 85836DF12055244300117149 /* EditStudentProfileViewController.swift */; };
		85836DF42055247800117149 /* EditAlumniProfileViewController.swift in Sources */ = {isa = PBXBuildFile; fileRef = 85836DF32055247800117149 /* EditAlumniProfileViewController.swift */; };
		85836DF62055249700117149 /* EditStaffProfileViewController.swift in Sources */ = {isa = PBXBuildFile; fileRef = 85836DF52055249700117149 /* EditStaffProfileViewController.swift */; };
		85836DF8205524A800117149 /* EditCompanyProfileViewController.swift in Sources */ = {isa = PBXBuildFile; fileRef = 85836DF7205524A800117149 /* EditCompanyProfileViewController.swift */; };
		85950DC920335430002D4A0B /* StudentSearchViewController.swift in Sources */ = {isa = PBXBuildFile; fileRef = 85950DC820335430002D4A0B /* StudentSearchViewController.swift */; };
		85950DCB20335440002D4A0B /* AlumniSearchViewController.swift in Sources */ = {isa = PBXBuildFile; fileRef = 85950DCA20335440002D4A0B /* AlumniSearchViewController.swift */; };
		85950DCD20335450002D4A0B /* StaffSearchViewController.swift in Sources */ = {isa = PBXBuildFile; fileRef = 85950DCC20335450002D4A0B /* StaffSearchViewController.swift */; };
		85950DCF20335464002D4A0B /* CompanySearchViewController.swift in Sources */ = {isa = PBXBuildFile; fileRef = 85950DCE20335464002D4A0B /* CompanySearchViewController.swift */; };
		85C5BDD4206E24B80097BE9A /* OrderListTableViewCell.swift in Sources */ = {isa = PBXBuildFile; fileRef = 85C5BDD3206E24B80097BE9A /* OrderListTableViewCell.swift */; };
		85C5BDD6206E251F0097BE9A /* OrderDetailTableViewCell.swift in Sources */ = {isa = PBXBuildFile; fileRef = 85C5BDD5206E251F0097BE9A /* OrderDetailTableViewCell.swift */; };
		85C5BDDA206E26CE0097BE9A /* OrderListViewController.swift in Sources */ = {isa = PBXBuildFile; fileRef = 85C5BDD9206E26CE0097BE9A /* OrderListViewController.swift */; };
		85C5BDDC206E26EA0097BE9A /* OrderDetailViewController.swift in Sources */ = {isa = PBXBuildFile; fileRef = 85C5BDDB206E26EA0097BE9A /* OrderDetailViewController.swift */; };
		85C5BDDE206E28F70097BE9A /* OrderDetailPayViewController.swift in Sources */ = {isa = PBXBuildFile; fileRef = 85C5BDDD206E28F70097BE9A /* OrderDetailPayViewController.swift */; };
		85C5BDE0206E29520097BE9A /* OrderDetailPayTableViewCell.swift in Sources */ = {isa = PBXBuildFile; fileRef = 85C5BDDF206E29520097BE9A /* OrderDetailPayTableViewCell.swift */; };
		85D6B056203AD1D0005AE477 /* StudentReportTableViewCell.swift in Sources */ = {isa = PBXBuildFile; fileRef = 85D6B055203AD1D0005AE477 /* StudentReportTableViewCell.swift */; };
		85D6B058203AD1E7005AE477 /* AlumniReportTableViewCell.swift in Sources */ = {isa = PBXBuildFile; fileRef = 85D6B057203AD1E7005AE477 /* AlumniReportTableViewCell.swift */; };
		85D6B05A203AD1F4005AE477 /* StaffReportTableViewCell.swift in Sources */ = {isa = PBXBuildFile; fileRef = 85D6B059203AD1F4005AE477 /* StaffReportTableViewCell.swift */; };
		85D6B05C203AD208005AE477 /* CompanyReportTableViewCell.swift in Sources */ = {isa = PBXBuildFile; fileRef = 85D6B05B203AD208005AE477 /* CompanyReportTableViewCell.swift */; };
		85D922C82045157200B94951 /* PaymentViewController.swift in Sources */ = {isa = PBXBuildFile; fileRef = 85D922C72045157200B94951 /* PaymentViewController.swift */; };
		85D922CB204523CE00B94951 /* DLRadioButton.m in Sources */ = {isa = PBXBuildFile; fileRef = 85D922CA204523CD00B94951 /* DLRadioButton.m */; };
		85D922CF2045372500B94951 /* InvoiceViewController.swift in Sources */ = {isa = PBXBuildFile; fileRef = 85D922CE2045372500B94951 /* InvoiceViewController.swift */; };
		85E8210F203B093F00ADD576 /* CompanyReport.swift in Sources */ = {isa = PBXBuildFile; fileRef = 85E8210E203B093F00ADD576 /* CompanyReport.swift */; };
		85E82111203B09C100ADD576 /* PersonReport.swift in Sources */ = {isa = PBXBuildFile; fileRef = 85E82110203B09C100ADD576 /* PersonReport.swift */; };
		85E82113203DB9A500ADD576 /* StudentIndividualSearchViewController.swift in Sources */ = {isa = PBXBuildFile; fileRef = 85E82112203DB9A500ADD576 /* StudentIndividualSearchViewController.swift */; };
		85E82115203DB9F600ADD576 /* StaffIndividualSearchViewController.swift in Sources */ = {isa = PBXBuildFile; fileRef = 85E82114203DB9F600ADD576 /* StaffIndividualSearchViewController.swift */; };
		85E82117203DBA0400ADD576 /* AlumniIndividualSearchViewController.swift in Sources */ = {isa = PBXBuildFile; fileRef = 85E82116203DBA0400ADD576 /* AlumniIndividualSearchViewController.swift */; };
		85E82119203DBA0F00ADD576 /* CompanyIndividualSearchViewController.swift in Sources */ = {isa = PBXBuildFile; fileRef = 85E82118203DBA0F00ADD576 /* CompanyIndividualSearchViewController.swift */; };
		85EF1FEA20202F9C00F39134 /* AppDelegate.swift in Sources */ = {isa = PBXBuildFile; fileRef = 85EF1FE920202F9C00F39134 /* AppDelegate.swift */; };
		85EF1FEC20202F9C00F39134 /* ViewController.swift in Sources */ = {isa = PBXBuildFile; fileRef = 85EF1FEB20202F9C00F39134 /* ViewController.swift */; };
		85EF1FEF20202F9C00F39134 /* Main.storyboard in Resources */ = {isa = PBXBuildFile; fileRef = 85EF1FED20202F9C00F39134 /* Main.storyboard */; };
		85EF1FF120202F9C00F39134 /* Assets.xcassets in Resources */ = {isa = PBXBuildFile; fileRef = 85EF1FF020202F9C00F39134 /* Assets.xcassets */; };
		85EF1FF420202F9C00F39134 /* LaunchScreen.storyboard in Resources */ = {isa = PBXBuildFile; fileRef = 85EF1FF220202F9C00F39134 /* LaunchScreen.storyboard */; };
		85EF1FFC202030AF00F39134 /* LoginViewController.swift in Sources */ = {isa = PBXBuildFile; fileRef = 85EF1FFB202030AF00F39134 /* LoginViewController.swift */; };
		85EF1FFE2020420800F39134 /* StudentRegisterViewController.swift in Sources */ = {isa = PBXBuildFile; fileRef = 85EF1FFD2020420800F39134 /* StudentRegisterViewController.swift */; };
		85EF20002020422400F39134 /* AlumniRegisterViewController.swift in Sources */ = {isa = PBXBuildFile; fileRef = 85EF1FFF2020422400F39134 /* AlumniRegisterViewController.swift */; };
		85EF20042020424800F39134 /* CompanyRegisterViewController.swift in Sources */ = {isa = PBXBuildFile; fileRef = 85EF20032020424800F39134 /* CompanyRegisterViewController.swift */; };
		85EF2006202047A300F39134 /* GoogleService-Info.plist in Resources */ = {isa = PBXBuildFile; fileRef = 85EF2005202047A300F39134 /* GoogleService-Info.plist */; };
/* End PBXBuildFile section */

/* Begin PBXFileReference section */
		0B16D872206A894F004CE7FB /* HomePageViewController.swift */ = {isa = PBXFileReference; lastKnownFileType = sourcecode.swift; path = HomePageViewController.swift; sourceTree = "<group>"; };
		0B16D874206A8B0D004CE7FB /* HomePageContentViewController.swift */ = {isa = PBXFileReference; lastKnownFileType = sourcecode.swift; path = HomePageContentViewController.swift; sourceTree = "<group>"; };
		0B2592D62058AFF70012693E /* WatchListContentViewController.swift */ = {isa = PBXFileReference; lastKnownFileType = sourcecode.swift; path = WatchListContentViewController.swift; sourceTree = "<group>"; };
		0B5FBAAD20715AAE00881D02 /* AllMessageViewController.swift */ = {isa = PBXFileReference; lastKnownFileType = sourcecode.swift; path = AllMessageViewController.swift; sourceTree = "<group>"; };
		0B5FBAAF2071C31800881D02 /* Message.swift */ = {isa = PBXFileReference; lastKnownFileType = sourcecode.swift; path = Message.swift; sourceTree = "<group>"; };
		0B5FBAB12073E4AC00881D02 /* User.swift */ = {isa = PBXFileReference; lastKnownFileType = sourcecode.swift; path = User.swift; sourceTree = "<group>"; };
		0B91D2CB20493E27005C8D6F /* CreateNewAndEventsPostViewController.swift */ = {isa = PBXFileReference; lastKnownFileType = sourcecode.swift; path = CreateNewAndEventsPostViewController.swift; sourceTree = "<group>"; };
		0B91D2CD20494116005C8D6F /* CreateBusinessPostViewController.swift */ = {isa = PBXFileReference; lastKnownFileType = sourcecode.swift; path = CreateBusinessPostViewController.swift; sourceTree = "<group>"; };
		0B91D2CF20494240005C8D6F /* CreateJobAndInternshipPostViewController.swift */ = {isa = PBXFileReference; lastKnownFileType = sourcecode.swift; path = CreateJobAndInternshipPostViewController.swift; sourceTree = "<group>"; };
		0BC13C38206CAF4F0036F66D /* BusinessFeedViewController.swift */ = {isa = PBXFileReference; lastKnownFileType = sourcecode.swift; path = BusinessFeedViewController.swift; sourceTree = "<group>"; };
		0BC13C3A206CAF7F0036F66D /* JobAndInternshipFeedViewController.swift */ = {isa = PBXFileReference; lastKnownFileType = sourcecode.swift; path = JobAndInternshipFeedViewController.swift; sourceTree = "<group>"; };
		0BC13C3C206CB0040036F66D /* BusinessContentViewController.swift */ = {isa = PBXFileReference; lastKnownFileType = sourcecode.swift; path = BusinessContentViewController.swift; sourceTree = "<group>"; };
		0BC13C3E206CB03B0036F66D /* JobAndInternshipContentViewController.swift */ = {isa = PBXFileReference; lastKnownFileType = sourcecode.swift; path = JobAndInternshipContentViewController.swift; sourceTree = "<group>"; };
		0BCE4B21204A62BB0066A55B /* NewsAndEventsFeedViewController.swift */ = {isa = PBXFileReference; lastKnownFileType = sourcecode.swift; path = NewsAndEventsFeedViewController.swift; sourceTree = "<group>"; };
		0BCE4B23204A632B0066A55B /* PostBoard.swift */ = {isa = PBXFileReference; lastKnownFileType = sourcecode.swift; path = PostBoard.swift; sourceTree = "<group>"; };
		0BCE4B25204A6EE60066A55B /* NewsAndEventFeedTableViewCell.swift */ = {isa = PBXFileReference; lastKnownFileType = sourcecode.swift; path = NewsAndEventFeedTableViewCell.swift; sourceTree = "<group>"; };
		0BCE4B27204B7DF60066A55B /* NewsAndEventContentTableViewCell.swift */ = {isa = PBXFileReference; lastKnownFileType = sourcecode.swift; path = NewsAndEventContentTableViewCell.swift; sourceTree = "<group>"; };
		0BCE4B29204BBD600066A55B /* NAEcomment.swift */ = {isa = PBXFileReference; lastKnownFileType = sourcecode.swift; path = NAEcomment.swift; sourceTree = "<group>"; };
		0BCE4B2B204CCAAB0066A55B /* WatchListViewController.swift */ = {isa = PBXFileReference; lastKnownFileType = sourcecode.swift; path = WatchListViewController.swift; sourceTree = "<group>"; };
		293828B53FA2DAD9F6CD750C /* Pods_EMUICTProject.framework */ = {isa = PBXFileReference; explicitFileType = wrapper.framework; includeInIndex = 0; path = Pods_EMUICTProject.framework; sourceTree = BUILT_PRODUCTS_DIR; };
		8536B497202F6C84003BB909 /* StaffRegisterViewController.swift */ = {isa = PBXFileReference; lastKnownFileType = sourcecode.swift; path = StaffRegisterViewController.swift; sourceTree = "<group>"; };
		855DBCF5206E3C3E000A76B7 /* ChatViewController.swift */ = {isa = PBXFileReference; fileEncoding = 4; lastKnownFileType = sourcecode.swift; path = ChatViewController.swift; sourceTree = "<group>"; };
		855DBCF7206E3C8B000A76B7 /* GenOrderViewController.swift */ = {isa = PBXFileReference; fileEncoding = 4; lastKnownFileType = sourcecode.swift; path = GenOrderViewController.swift; sourceTree = "<group>"; };
		855DBCF8206E3C8C000A76B7 /* OrderViewController.swift */ = {isa = PBXFileReference; fileEncoding = 4; lastKnownFileType = sourcecode.swift; path = OrderViewController.swift; sourceTree = "<group>"; };
		855DBCF9206E3C8C000A76B7 /* ProductPaymentViewController.swift */ = {isa = PBXFileReference; fileEncoding = 4; lastKnownFileType = sourcecode.swift; path = ProductPaymentViewController.swift; sourceTree = "<group>"; };
		855DBCFA206E3C8C000A76B7 /* ConfirmOrderViewController.swift */ = {isa = PBXFileReference; fileEncoding = 4; lastKnownFileType = sourcecode.swift; path = ConfirmOrderViewController.swift; sourceTree = "<group>"; };
		855DBCFF206E3CA6000A76B7 /* ConfirmOrderTableViewCell.swift */ = {isa = PBXFileReference; fileEncoding = 4; lastKnownFileType = sourcecode.swift; path = ConfirmOrderTableViewCell.swift; sourceTree = "<group>"; };
		855DBD00206E3CA6000A76B7 /* OrderTableViewCell.swift */ = {isa = PBXFileReference; fileEncoding = 4; lastKnownFileType = sourcecode.swift; path = OrderTableViewCell.swift; sourceTree = "<group>"; };
		855DBD03206E3CB5000A76B7 /* Order.swift */ = {isa = PBXFileReference; fileEncoding = 4; lastKnownFileType = sourcecode.swift; path = Order.swift; sourceTree = "<group>"; };
		855DBD05206E6D77000A76B7 /* Product.swift */ = {isa = PBXFileReference; lastKnownFileType = sourcecode.swift; path = Product.swift; sourceTree = "<group>"; };
		856BC4E620335D9B00AC712A /* AccountMenuViewController.swift */ = {isa = PBXFileReference; lastKnownFileType = sourcecode.swift; path = AccountMenuViewController.swift; sourceTree = "<group>"; };
		856BC4E820348E1E00AC712A /* StudentReportViewController.swift */ = {isa = PBXFileReference; lastKnownFileType = sourcecode.swift; path = StudentReportViewController.swift; sourceTree = "<group>"; };
		856BC4EA20348E3400AC712A /* CompanyReportViewController.swift */ = {isa = PBXFileReference; lastKnownFileType = sourcecode.swift; path = CompanyReportViewController.swift; sourceTree = "<group>"; };
		856BC4EC20348E4400AC712A /* StaffReportViewController.swift */ = {isa = PBXFileReference; lastKnownFileType = sourcecode.swift; path = StaffReportViewController.swift; sourceTree = "<group>"; };
		856BC4EE20348E5600AC712A /* AlumniReportViewController.swift */ = {isa = PBXFileReference; lastKnownFileType = sourcecode.swift; path = AlumniReportViewController.swift; sourceTree = "<group>"; };
		85836DE72054296800117149 /* MyProfileStudentViewController.swift */ = {isa = PBXFileReference; lastKnownFileType = sourcecode.swift; path = MyProfileStudentViewController.swift; sourceTree = "<group>"; };
		85836DEB205429D500117149 /* MyProfileAlumniViewController.swift */ = {isa = PBXFileReference; lastKnownFileType = sourcecode.swift; path = MyProfileAlumniViewController.swift; sourceTree = "<group>"; };
		85836DED205429E300117149 /* MyProfileStaffViewController.swift */ = {isa = PBXFileReference; lastKnownFileType = sourcecode.swift; path = MyProfileStaffViewController.swift; sourceTree = "<group>"; };
		85836DEF205429F800117149 /* MyProfileCompanyViewController.swift */ = {isa = PBXFileReference; lastKnownFileType = sourcecode.swift; path = MyProfileCompanyViewController.swift; sourceTree = "<group>"; };
		85836DF12055244300117149 /* EditStudentProfileViewController.swift */ = {isa = PBXFileReference; lastKnownFileType = sourcecode.swift; path = EditStudentProfileViewController.swift; sourceTree = "<group>"; };
		85836DF32055247800117149 /* EditAlumniProfileViewController.swift */ = {isa = PBXFileReference; lastKnownFileType = sourcecode.swift; path = EditAlumniProfileViewController.swift; sourceTree = "<group>"; };
		85836DF52055249700117149 /* EditStaffProfileViewController.swift */ = {isa = PBXFileReference; lastKnownFileType = sourcecode.swift; path = EditStaffProfileViewController.swift; sourceTree = "<group>"; };
		85836DF7205524A800117149 /* EditCompanyProfileViewController.swift */ = {isa = PBXFileReference; lastKnownFileType = sourcecode.swift; path = EditCompanyProfileViewController.swift; sourceTree = "<group>"; };
		85950DC820335430002D4A0B /* StudentSearchViewController.swift */ = {isa = PBXFileReference; lastKnownFileType = sourcecode.swift; path = StudentSearchViewController.swift; sourceTree = "<group>"; };
		85950DCA20335440002D4A0B /* AlumniSearchViewController.swift */ = {isa = PBXFileReference; lastKnownFileType = sourcecode.swift; path = AlumniSearchViewController.swift; sourceTree = "<group>"; };
		85950DCC20335450002D4A0B /* StaffSearchViewController.swift */ = {isa = PBXFileReference; lastKnownFileType = sourcecode.swift; path = StaffSearchViewController.swift; sourceTree = "<group>"; };
		85950DCE20335464002D4A0B /* CompanySearchViewController.swift */ = {isa = PBXFileReference; lastKnownFileType = sourcecode.swift; path = CompanySearchViewController.swift; sourceTree = "<group>"; };
		85C5BDD3206E24B80097BE9A /* OrderListTableViewCell.swift */ = {isa = PBXFileReference; lastKnownFileType = sourcecode.swift; path = OrderListTableViewCell.swift; sourceTree = "<group>"; };
		85C5BDD5206E251F0097BE9A /* OrderDetailTableViewCell.swift */ = {isa = PBXFileReference; lastKnownFileType = sourcecode.swift; path = OrderDetailTableViewCell.swift; sourceTree = "<group>"; };
		85C5BDD9206E26CE0097BE9A /* OrderListViewController.swift */ = {isa = PBXFileReference; lastKnownFileType = sourcecode.swift; path = OrderListViewController.swift; sourceTree = "<group>"; };
		85C5BDDB206E26EA0097BE9A /* OrderDetailViewController.swift */ = {isa = PBXFileReference; lastKnownFileType = sourcecode.swift; path = OrderDetailViewController.swift; sourceTree = "<group>"; };
		85C5BDDD206E28F70097BE9A /* OrderDetailPayViewController.swift */ = {isa = PBXFileReference; lastKnownFileType = sourcecode.swift; path = OrderDetailPayViewController.swift; sourceTree = "<group>"; };
		85C5BDDF206E29520097BE9A /* OrderDetailPayTableViewCell.swift */ = {isa = PBXFileReference; lastKnownFileType = sourcecode.swift; path = OrderDetailPayTableViewCell.swift; sourceTree = "<group>"; };
		85D6B055203AD1D0005AE477 /* StudentReportTableViewCell.swift */ = {isa = PBXFileReference; lastKnownFileType = sourcecode.swift; path = StudentReportTableViewCell.swift; sourceTree = "<group>"; };
		85D6B057203AD1E7005AE477 /* AlumniReportTableViewCell.swift */ = {isa = PBXFileReference; lastKnownFileType = sourcecode.swift; path = AlumniReportTableViewCell.swift; sourceTree = "<group>"; };
		85D6B059203AD1F4005AE477 /* StaffReportTableViewCell.swift */ = {isa = PBXFileReference; lastKnownFileType = sourcecode.swift; path = StaffReportTableViewCell.swift; sourceTree = "<group>"; };
		85D6B05B203AD208005AE477 /* CompanyReportTableViewCell.swift */ = {isa = PBXFileReference; lastKnownFileType = sourcecode.swift; path = CompanyReportTableViewCell.swift; sourceTree = "<group>"; };
		85D922C72045157200B94951 /* PaymentViewController.swift */ = {isa = PBXFileReference; lastKnownFileType = sourcecode.swift; path = PaymentViewController.swift; sourceTree = "<group>"; };
		85D922C9204523CD00B94951 /* DLRadioButton.h */ = {isa = PBXFileReference; fileEncoding = 4; lastKnownFileType = sourcecode.c.h; path = DLRadioButton.h; sourceTree = "<group>"; };
		85D922CA204523CD00B94951 /* DLRadioButton.m */ = {isa = PBXFileReference; fileEncoding = 4; lastKnownFileType = sourcecode.c.objc; path = DLRadioButton.m; sourceTree = "<group>"; };
		85D922CD2045247D00B94951 /* EMUICTProject-Bridging-Header.h */ = {isa = PBXFileReference; lastKnownFileType = sourcecode.c.h; path = "EMUICTProject-Bridging-Header.h"; sourceTree = "<group>"; };
		85D922CE2045372500B94951 /* InvoiceViewController.swift */ = {isa = PBXFileReference; lastKnownFileType = sourcecode.swift; path = InvoiceViewController.swift; sourceTree = "<group>"; };
		85E8210E203B093F00ADD576 /* CompanyReport.swift */ = {isa = PBXFileReference; lastKnownFileType = sourcecode.swift; path = CompanyReport.swift; sourceTree = "<group>"; };
		85E82110203B09C100ADD576 /* PersonReport.swift */ = {isa = PBXFileReference; lastKnownFileType = sourcecode.swift; path = PersonReport.swift; sourceTree = "<group>"; };
		85E82112203DB9A500ADD576 /* StudentIndividualSearchViewController.swift */ = {isa = PBXFileReference; lastKnownFileType = sourcecode.swift; path = StudentIndividualSearchViewController.swift; sourceTree = "<group>"; };
		85E82114203DB9F600ADD576 /* StaffIndividualSearchViewController.swift */ = {isa = PBXFileReference; lastKnownFileType = sourcecode.swift; path = StaffIndividualSearchViewController.swift; sourceTree = "<group>"; };
		85E82116203DBA0400ADD576 /* AlumniIndividualSearchViewController.swift */ = {isa = PBXFileReference; lastKnownFileType = sourcecode.swift; path = AlumniIndividualSearchViewController.swift; sourceTree = "<group>"; };
		85E82118203DBA0F00ADD576 /* CompanyIndividualSearchViewController.swift */ = {isa = PBXFileReference; lastKnownFileType = sourcecode.swift; path = CompanyIndividualSearchViewController.swift; sourceTree = "<group>"; };
		85EF1FE620202F9C00F39134 /* EMUICTProject.app */ = {isa = PBXFileReference; explicitFileType = wrapper.application; includeInIndex = 0; path = EMUICTProject.app; sourceTree = BUILT_PRODUCTS_DIR; };
		85EF1FE920202F9C00F39134 /* AppDelegate.swift */ = {isa = PBXFileReference; lastKnownFileType = sourcecode.swift; path = AppDelegate.swift; sourceTree = "<group>"; };
		85EF1FEB20202F9C00F39134 /* ViewController.swift */ = {isa = PBXFileReference; lastKnownFileType = sourcecode.swift; path = ViewController.swift; sourceTree = "<group>"; };
		85EF1FEE20202F9C00F39134 /* Base */ = {isa = PBXFileReference; lastKnownFileType = file.storyboard; name = Base; path = Base.lproj/Main.storyboard; sourceTree = "<group>"; };
		85EF1FF020202F9C00F39134 /* Assets.xcassets */ = {isa = PBXFileReference; lastKnownFileType = folder.assetcatalog; path = Assets.xcassets; sourceTree = "<group>"; };
		85EF1FF320202F9C00F39134 /* Base */ = {isa = PBXFileReference; lastKnownFileType = file.storyboard; name = Base; path = Base.lproj/LaunchScreen.storyboard; sourceTree = "<group>"; };
		85EF1FF520202F9C00F39134 /* Info.plist */ = {isa = PBXFileReference; lastKnownFileType = text.plist.xml; path = Info.plist; sourceTree = "<group>"; };
		85EF1FFB202030AF00F39134 /* LoginViewController.swift */ = {isa = PBXFileReference; lastKnownFileType = sourcecode.swift; path = LoginViewController.swift; sourceTree = "<group>"; };
		85EF1FFD2020420800F39134 /* StudentRegisterViewController.swift */ = {isa = PBXFileReference; lastKnownFileType = sourcecode.swift; path = StudentRegisterViewController.swift; sourceTree = "<group>"; };
		85EF1FFF2020422400F39134 /* AlumniRegisterViewController.swift */ = {isa = PBXFileReference; lastKnownFileType = sourcecode.swift; path = AlumniRegisterViewController.swift; sourceTree = "<group>"; };
		85EF20032020424800F39134 /* CompanyRegisterViewController.swift */ = {isa = PBXFileReference; lastKnownFileType = sourcecode.swift; path = CompanyRegisterViewController.swift; sourceTree = "<group>"; };
		85EF2005202047A300F39134 /* GoogleService-Info.plist */ = {isa = PBXFileReference; fileEncoding = 4; lastKnownFileType = text.plist.xml; path = "GoogleService-Info.plist"; sourceTree = "<group>"; };
		A92112C1A72121355EBAB9E3 /* Pods-EMUICTProject.debug.xcconfig */ = {isa = PBXFileReference; includeInIndex = 1; lastKnownFileType = text.xcconfig; name = "Pods-EMUICTProject.debug.xcconfig"; path = "Pods/Target Support Files/Pods-EMUICTProject/Pods-EMUICTProject.debug.xcconfig"; sourceTree = "<group>"; };
		FB2A6FE6E43BB96E05D4B226 /* Pods-EMUICTProject.release.xcconfig */ = {isa = PBXFileReference; includeInIndex = 1; lastKnownFileType = text.xcconfig; name = "Pods-EMUICTProject.release.xcconfig"; path = "Pods/Target Support Files/Pods-EMUICTProject/Pods-EMUICTProject.release.xcconfig"; sourceTree = "<group>"; };
/* End PBXFileReference section */

/* Begin PBXFrameworksBuildPhase section */
		85EF1FE320202F9C00F39134 /* Frameworks */ = {
			isa = PBXFrameworksBuildPhase;
			buildActionMask = 2147483647;
			files = (
				1AB4BAD2EC8D65B4156D7EC2 /* Pods_EMUICTProject.framework in Frameworks */,
			);
			runOnlyForDeploymentPostprocessing = 0;
		};
/* End PBXFrameworksBuildPhase section */

/* Begin PBXGroup section */
		0BC13C41206CB08F0036F66D /* Board */ = {
			isa = PBXGroup;
			children = (
				0B91D2CB20493E27005C8D6F /* CreateNewAndEventsPostViewController.swift */,
				0B91D2CD20494116005C8D6F /* CreateBusinessPostViewController.swift */,
				0B91D2CF20494240005C8D6F /* CreateJobAndInternshipPostViewController.swift */,
				0BCE4B21204A62BB0066A55B /* NewsAndEventsFeedViewController.swift */,
				0BC13C38206CAF4F0036F66D /* BusinessFeedViewController.swift */,
				0BC13C3A206CAF7F0036F66D /* JobAndInternshipFeedViewController.swift */,
				0BCE4B27204B7DF60066A55B /* NewsAndEventContentTableViewCell.swift */,
				0BC13C3C206CB0040036F66D /* BusinessContentViewController.swift */,
				0BC13C3E206CB03B0036F66D /* JobAndInternshipContentViewController.swift */,
				0BCE4B2B204CCAAB0066A55B /* WatchListViewController.swift */,
				0B2592D62058AFF70012693E /* WatchListContentViewController.swift */,
				0B16D872206A894F004CE7FB /* HomePageViewController.swift */,
				0B16D874206A8B0D004CE7FB /* HomePageContentViewController.swift */,
			);
			path = Board;
			sourceTree = "<group>";
		};
		1BA7A7D176E3C95360C5CC2D /* Frameworks */ = {
			isa = PBXGroup;
			children = (
				293828B53FA2DAD9F6CD750C /* Pods_EMUICTProject.framework */,
			);
			name = Frameworks;
			sourceTree = "<group>";
		};
		85D6B054203AD188005AE477 /* Cell */ = {
			isa = PBXGroup;
			children = (
				85D6B055203AD1D0005AE477 /* StudentReportTableViewCell.swift */,
				85D6B057203AD1E7005AE477 /* AlumniReportTableViewCell.swift */,
				855DBCFF206E3CA6000A76B7 /* ConfirmOrderTableViewCell.swift */,
				855DBD00206E3CA6000A76B7 /* OrderTableViewCell.swift */,
				85D6B059203AD1F4005AE477 /* StaffReportTableViewCell.swift */,
				85D6B05B203AD208005AE477 /* CompanyReportTableViewCell.swift */,
				0BCE4B25204A6EE60066A55B /* NewsAndEventFeedTableViewCell.swift */,
				85C5BDD3206E24B80097BE9A /* OrderListTableViewCell.swift */,
				85C5BDD5206E251F0097BE9A /* OrderDetailTableViewCell.swift */,
				85C5BDDF206E29520097BE9A /* OrderDetailPayTableViewCell.swift */,
			);
			path = Cell;
			sourceTree = "<group>";
		};
		85D6B05D203AD212005AE477 /* ViewController */ = {
			isa = PBXGroup;
			children = (
				85EF1FEB20202F9C00F39134 /* ViewController.swift */,
				85EF1FFB202030AF00F39134 /* LoginViewController.swift */,
				85EF1FFD2020420800F39134 /* StudentRegisterViewController.swift */,
				85EF1FFF2020422400F39134 /* AlumniRegisterViewController.swift */,
				85EF20032020424800F39134 /* CompanyRegisterViewController.swift */,
				8536B497202F6C84003BB909 /* StaffRegisterViewController.swift */,
				85950DC820335430002D4A0B /* StudentSearchViewController.swift */,
				85950DCA20335440002D4A0B /* AlumniSearchViewController.swift */,
				85950DCE20335464002D4A0B /* CompanySearchViewController.swift */,
				85950DCC20335450002D4A0B /* StaffSearchViewController.swift */,
				856BC4E820348E1E00AC712A /* StudentReportViewController.swift */,
				856BC4EA20348E3400AC712A /* CompanyReportViewController.swift */,
				856BC4EC20348E4400AC712A /* StaffReportViewController.swift */,
				856BC4EE20348E5600AC712A /* AlumniReportViewController.swift */,
				85E82112203DB9A500ADD576 /* StudentIndividualSearchViewController.swift */,
				85E82114203DB9F600ADD576 /* StaffIndividualSearchViewController.swift */,
				85E82116203DBA0400ADD576 /* AlumniIndividualSearchViewController.swift */,
				85E82118203DBA0F00ADD576 /* CompanyIndividualSearchViewController.swift */,
				85D922CE2045372500B94951 /* InvoiceViewController.swift */,
				85D922C72045157200B94951 /* PaymentViewController.swift */,
				856BC4E620335D9B00AC712A /* AccountMenuViewController.swift */,
				85836DE72054296800117149 /* MyProfileStudentViewController.swift */,
				85836DEB205429D500117149 /* MyProfileAlumniViewController.swift */,
				85836DED205429E300117149 /* MyProfileStaffViewController.swift */,
				85836DEF205429F800117149 /* MyProfileCompanyViewController.swift */,
				85836DF12055244300117149 /* EditStudentProfileViewController.swift */,
				85836DF32055247800117149 /* EditAlumniProfileViewController.swift */,
				85836DF52055249700117149 /* EditStaffProfileViewController.swift */,
				85836DF7205524A800117149 /* EditCompanyProfileViewController.swift */,
				855DBCFA206E3C8C000A76B7 /* ConfirmOrderViewController.swift */,
				855DBCF7206E3C8B000A76B7 /* GenOrderViewController.swift */,
				855DBCF8206E3C8C000A76B7 /* OrderViewController.swift */,
				855DBCF9206E3C8C000A76B7 /* ProductPaymentViewController.swift */,
				85C5BDD9206E26CE0097BE9A /* OrderListViewController.swift */,
				85C5BDDB206E26EA0097BE9A /* OrderDetailViewController.swift */,
				85C5BDDD206E28F70097BE9A /* OrderDetailPayViewController.swift */,
				855DBCF5206E3C3E000A76B7 /* ChatViewController.swift */,
				0B5FBAAD20715AAE00881D02 /* AllMessageViewController.swift */,
				0BC13C41206CB08F0036F66D /* Board */,
			);
			path = ViewController;
			sourceTree = "<group>";
		};
		85E8210B203B015200ADD576 /* Objects */ = {
			isa = PBXGroup;
			children = (
				85E8210E203B093F00ADD576 /* CompanyReport.swift */,
				855DBD03206E3CB5000A76B7 /* Order.swift */,
				85E82110203B09C100ADD576 /* PersonReport.swift */,
				0BCE4B23204A632B0066A55B /* PostBoard.swift */,
				0BCE4B29204BBD600066A55B /* NAEcomment.swift */,
				855DBD05206E6D77000A76B7 /* Product.swift */,
				0B5FBAAF2071C31800881D02 /* Message.swift */,
				0B5FBAB12073E4AC00881D02 /* User.swift */,
			);
			path = Objects;
			sourceTree = "<group>";
		};
		85EF1FDD20202F9C00F39134 = {
			isa = PBXGroup;
			children = (
				85EF1FE820202F9C00F39134 /* EMUICTProject */,
				85EF1FE720202F9C00F39134 /* Products */,
				CEAE373AA4E9DCCED5D7D289 /* Pods */,
				1BA7A7D176E3C95360C5CC2D /* Frameworks */,
			);
			sourceTree = "<group>";
		};
		85EF1FE720202F9C00F39134 /* Products */ = {
			isa = PBXGroup;
			children = (
				85EF1FE620202F9C00F39134 /* EMUICTProject.app */,
			);
			name = Products;
			sourceTree = "<group>";
		};
		85EF1FE820202F9C00F39134 /* EMUICTProject */ = {
			isa = PBXGroup;
			children = (
				85E8210B203B015200ADD576 /* Objects */,
				85D6B05D203AD212005AE477 /* ViewController */,
				85D6B054203AD188005AE477 /* Cell */,
				85EF1FE920202F9C00F39134 /* AppDelegate.swift */,
				85EF1FED20202F9C00F39134 /* Main.storyboard */,
				85D922C9204523CD00B94951 /* DLRadioButton.h */,
				85D922CA204523CD00B94951 /* DLRadioButton.m */,
				85D922CD2045247D00B94951 /* EMUICTProject-Bridging-Header.h */,
				85EF1FF020202F9C00F39134 /* Assets.xcassets */,
				85EF1FF220202F9C00F39134 /* LaunchScreen.storyboard */,
				85EF1FF520202F9C00F39134 /* Info.plist */,
				85EF2005202047A300F39134 /* GoogleService-Info.plist */,
			);
			path = EMUICTProject;
			sourceTree = "<group>";
		};
		CEAE373AA4E9DCCED5D7D289 /* Pods */ = {
			isa = PBXGroup;
			children = (
				A92112C1A72121355EBAB9E3 /* Pods-EMUICTProject.debug.xcconfig */,
				FB2A6FE6E43BB96E05D4B226 /* Pods-EMUICTProject.release.xcconfig */,
			);
			name = Pods;
			sourceTree = "<group>";
		};
/* End PBXGroup section */

/* Begin PBXNativeTarget section */
		85EF1FE520202F9C00F39134 /* EMUICTProject */ = {
			isa = PBXNativeTarget;
			buildConfigurationList = 85EF1FF820202F9C00F39134 /* Build configuration list for PBXNativeTarget "EMUICTProject" */;
			buildPhases = (
				BCA4A3D5C1980D7F5314471D /* [CP] Check Pods Manifest.lock */,
				85EF1FE220202F9C00F39134 /* Sources */,
				85EF1FE320202F9C00F39134 /* Frameworks */,
				85EF1FE420202F9C00F39134 /* Resources */,
				3C7CCA4A65A52C0A5F39A0FF /* [CP] Embed Pods Frameworks */,
				4B3DE5DC0AD6548C3B6670FF /* [CP] Copy Pods Resources */,
			);
			buildRules = (
			);
			dependencies = (
			);
			name = EMUICTProject;
			productName = EMUICTProject;
			productReference = 85EF1FE620202F9C00F39134 /* EMUICTProject.app */;
			productType = "com.apple.product-type.application";
		};
/* End PBXNativeTarget section */

/* Begin PBXProject section */
		85EF1FDE20202F9C00F39134 /* Project object */ = {
			isa = PBXProject;
			attributes = {
				LastSwiftUpdateCheck = 0920;
				LastUpgradeCheck = 0920;
				ORGANIZATIONNAME = Sirinda;
				TargetAttributes = {
					85EF1FE520202F9C00F39134 = {
						CreatedOnToolsVersion = 9.2;
						LastSwiftMigration = 0920;
						ProvisioningStyle = Automatic;
					};
				};
			};
			buildConfigurationList = 85EF1FE120202F9C00F39134 /* Build configuration list for PBXProject "EMUICTProject" */;
			compatibilityVersion = "Xcode 8.0";
			developmentRegion = en;
			hasScannedForEncodings = 0;
			knownRegions = (
				en,
				Base,
			);
			mainGroup = 85EF1FDD20202F9C00F39134;
			productRefGroup = 85EF1FE720202F9C00F39134 /* Products */;
			projectDirPath = "";
			projectRoot = "";
			targets = (
				85EF1FE520202F9C00F39134 /* EMUICTProject */,
			);
		};
/* End PBXProject section */

/* Begin PBXResourcesBuildPhase section */
		85EF1FE420202F9C00F39134 /* Resources */ = {
			isa = PBXResourcesBuildPhase;
			buildActionMask = 2147483647;
			files = (
				85EF1FF420202F9C00F39134 /* LaunchScreen.storyboard in Resources */,
				85EF2006202047A300F39134 /* GoogleService-Info.plist in Resources */,
				85EF1FF120202F9C00F39134 /* Assets.xcassets in Resources */,
				85EF1FEF20202F9C00F39134 /* Main.storyboard in Resources */,
			);
			runOnlyForDeploymentPostprocessing = 0;
		};
/* End PBXResourcesBuildPhase section */

/* Begin PBXShellScriptBuildPhase section */
		3C7CCA4A65A52C0A5F39A0FF /* [CP] Embed Pods Frameworks */ = {
			isa = PBXShellScriptBuildPhase;
			buildActionMask = 2147483647;
			files = (
			);
			inputPaths = (
				"${SRCROOT}/Pods/Target Support Files/Pods-EMUICTProject/Pods-EMUICTProject-frameworks.sh",
				"${BUILT_PRODUCTS_DIR}/GTMSessionFetcher/GTMSessionFetcher.framework",
				"${BUILT_PRODUCTS_DIR}/GoogleToolboxForMac/GoogleToolboxForMac.framework",
				"${BUILT_PRODUCTS_DIR}/leveldb-library/leveldb.framework",
				"${BUILT_PRODUCTS_DIR}/nanopb/nanopb.framework",
			);
			name = "[CP] Embed Pods Frameworks";
			outputPaths = (
				"${TARGET_BUILD_DIR}/${FRAMEWORKS_FOLDER_PATH}/GTMSessionFetcher.framework",
				"${TARGET_BUILD_DIR}/${FRAMEWORKS_FOLDER_PATH}/GoogleToolboxForMac.framework",
				"${TARGET_BUILD_DIR}/${FRAMEWORKS_FOLDER_PATH}/leveldb.framework",
				"${TARGET_BUILD_DIR}/${FRAMEWORKS_FOLDER_PATH}/nanopb.framework",
			);
			runOnlyForDeploymentPostprocessing = 0;
			shellPath = /bin/sh;
			shellScript = "\"${SRCROOT}/Pods/Target Support Files/Pods-EMUICTProject/Pods-EMUICTProject-frameworks.sh\"\n";
			showEnvVarsInLog = 0;
		};
		4B3DE5DC0AD6548C3B6670FF /* [CP] Copy Pods Resources */ = {
			isa = PBXShellScriptBuildPhase;
			buildActionMask = 2147483647;
			files = (
			);
			inputPaths = (
			);
			name = "[CP] Copy Pods Resources";
			outputPaths = (
			);
			runOnlyForDeploymentPostprocessing = 0;
			shellPath = /bin/sh;
			shellScript = "\"${SRCROOT}/Pods/Target Support Files/Pods-EMUICTProject/Pods-EMUICTProject-resources.sh\"\n";
			showEnvVarsInLog = 0;
		};
		BCA4A3D5C1980D7F5314471D /* [CP] Check Pods Manifest.lock */ = {
			isa = PBXShellScriptBuildPhase;
			buildActionMask = 2147483647;
			files = (
			);
			inputPaths = (
				"${PODS_PODFILE_DIR_PATH}/Podfile.lock",
				"${PODS_ROOT}/Manifest.lock",
			);
			name = "[CP] Check Pods Manifest.lock";
			outputPaths = (
				"$(DERIVED_FILE_DIR)/Pods-EMUICTProject-checkManifestLockResult.txt",
			);
			runOnlyForDeploymentPostprocessing = 0;
			shellPath = /bin/sh;
			shellScript = "diff \"${PODS_PODFILE_DIR_PATH}/Podfile.lock\" \"${PODS_ROOT}/Manifest.lock\" > /dev/null\nif [ $? != 0 ] ; then\n    # print error to STDERR\n    echo \"error: The sandbox is not in sync with the Podfile.lock. Run 'pod install' or update your CocoaPods installation.\" >&2\n    exit 1\nfi\n# This output is used by Xcode 'outputs' to avoid re-running this script phase.\necho \"SUCCESS\" > \"${SCRIPT_OUTPUT_FILE_0}\"\n";
			showEnvVarsInLog = 0;
		};
/* End PBXShellScriptBuildPhase section */

/* Begin PBXSourcesBuildPhase section */
		85EF1FE220202F9C00F39134 /* Sources */ = {
			isa = PBXSourcesBuildPhase;
			buildActionMask = 2147483647;
			files = (
				0BC13C3D206CB0040036F66D /* BusinessContentViewController.swift in Sources */,
				85950DCB20335440002D4A0B /* AlumniSearchViewController.swift in Sources */,
				0B5FBAB02071C31800881D02 /* Message.swift in Sources */,
				85C5BDD4206E24B80097BE9A /* OrderListTableViewCell.swift in Sources */,
				85950DCF20335464002D4A0B /* CompanySearchViewController.swift in Sources */,
				85836DF22055244300117149 /* EditStudentProfileViewController.swift in Sources */,
				855DBD06206E6D77000A76B7 /* Product.swift in Sources */,
				0BCE4B2A204BBD600066A55B /* NAEcomment.swift in Sources */,
				855DBD04206E3CB5000A76B7 /* Order.swift in Sources */,
				856BC4ED20348E4400AC712A /* StaffReportViewController.swift in Sources */,
				85D6B05A203AD1F4005AE477 /* StaffReportTableViewCell.swift in Sources */,
				0BCE4B26204A6EE60066A55B /* NewsAndEventFeedTableViewCell.swift in Sources */,
				85EF1FFC202030AF00F39134 /* LoginViewController.swift in Sources */,
				0BC13C3F206CB03B0036F66D /* JobAndInternshipContentViewController.swift in Sources */,
				8536B498202F6C84003BB909 /* StaffRegisterViewController.swift in Sources */,
				85E82115203DB9F600ADD576 /* StaffIndividualSearchViewController.swift in Sources */,
				85E82117203DBA0400ADD576 /* AlumniIndividualSearchViewController.swift in Sources */,
				85C5BDD6206E251F0097BE9A /* OrderDetailTableViewCell.swift in Sources */,
				85C5BDDA206E26CE0097BE9A /* OrderListViewController.swift in Sources */,
				85836DF62055249700117149 /* EditStaffProfileViewController.swift in Sources */,
				85836DEC205429D500117149 /* MyProfileAlumniViewController.swift in Sources */,
				0B5FBAB22073E4AC00881D02 /* User.swift in Sources */,
				85EF1FFE2020420800F39134 /* StudentRegisterViewController.swift in Sources */,
				85836DE82054296800117149 /* MyProfileStudentViewController.swift in Sources */,
				85D922CF2045372500B94951 /* InvoiceViewController.swift in Sources */,
				855DBCFE206E3C8C000A76B7 /* ConfirmOrderViewController.swift in Sources */,
				0B91D2CC20493E27005C8D6F /* CreateNewAndEventsPostViewController.swift in Sources */,
				855DBCFB206E3C8C000A76B7 /* GenOrderViewController.swift in Sources */,
				0BCE4B24204A632B0066A55B /* PostBoard.swift in Sources */,
				0B16D875206A8B0D004CE7FB /* HomePageContentViewController.swift in Sources */,
				855DBD01206E3CA6000A76B7 /* ConfirmOrderTableViewCell.swift in Sources */,
				85D922CB204523CE00B94951 /* DLRadioButton.m in Sources */,
				85E82119203DBA0F00ADD576 /* CompanyIndividualSearchViewController.swift in Sources */,
				855DBD02206E3CA6000A76B7 /* OrderTableViewCell.swift in Sources */,
				0BCE4B22204A62BB0066A55B /* NewsAndEventsFeedViewController.swift in Sources */,
				85EF1FEC20202F9C00F39134 /* ViewController.swift in Sources */,
				0BC13C3B206CAF7F0036F66D /* JobAndInternshipFeedViewController.swift in Sources */,
				0B2592D72058AFF70012693E /* WatchListContentViewController.swift in Sources */,
				85E8210F203B093F00ADD576 /* CompanyReport.swift in Sources */,
				856BC4EB20348E3400AC712A /* CompanyReportViewController.swift in Sources */,
				85C5BDDE206E28F70097BE9A /* OrderDetailPayViewController.swift in Sources */,
				856BC4EF20348E5600AC712A /* AlumniReportViewController.swift in Sources */,
				855DBCFC206E3C8C000A76B7 /* OrderViewController.swift in Sources */,
				85836DF42055247800117149 /* EditAlumniProfileViewController.swift in Sources */,
				85E82113203DB9A500ADD576 /* StudentIndividualSearchViewController.swift in Sources */,
				85836DF0205429F800117149 /* MyProfileCompanyViewController.swift in Sources */,
				0BCE4B28204B7DF60066A55B /* NewsAndEventContentTableViewCell.swift in Sources */,
				85D6B05C203AD208005AE477 /* CompanyReportTableViewCell.swift in Sources */,
				855DBCFD206E3C8C000A76B7 /* ProductPaymentViewController.swift in Sources */,
				0B5FBAAE20715AAE00881D02 /* AllMessageViewController.swift in Sources */,
				85D922C82045157200B94951 /* PaymentViewController.swift in Sources */,
				85C5BDE0206E29520097BE9A /* OrderDetailPayTableViewCell.swift in Sources */,
				0B91D2D020494240005C8D6F /* CreateJobAndInternshipPostViewController.swift in Sources */,
				85C5BDDC206E26EA0097BE9A /* OrderDetailViewController.swift in Sources */,
				85D6B058203AD1E7005AE477 /* AlumniReportTableViewCell.swift in Sources */,
				85EF1FEA20202F9C00F39134 /* AppDelegate.swift in Sources */,
				85836DF8205524A800117149 /* EditCompanyProfileViewController.swift in Sources */,
				856BC4E720335D9B00AC712A /* AccountMenuViewController.swift in Sources */,
				85EF20002020422400F39134 /* AlumniRegisterViewController.swift in Sources */,
				85950DCD20335450002D4A0B /* StaffSearchViewController.swift in Sources */,
				85D6B056203AD1D0005AE477 /* StudentReportTableViewCell.swift in Sources */,
				0BCE4B2C204CCAAB0066A55B /* WatchListViewController.swift in Sources */,
				0BC13C39206CAF4F0036F66D /* BusinessFeedViewController.swift in Sources */,
				85E82111203B09C100ADD576 /* PersonReport.swift in Sources */,
				856BC4E920348E1E00AC712A /* StudentReportViewController.swift in Sources */,
				855DBCF6206E3C3E000A76B7 /* ChatViewController.swift in Sources */,
				85836DEE205429E300117149 /* MyProfileStaffViewController.swift in Sources */,
				0B16D873206A894F004CE7FB /* HomePageViewController.swift in Sources */,
				85950DC920335430002D4A0B /* StudentSearchViewController.swift in Sources */,
				85EF20042020424800F39134 /* CompanyRegisterViewController.swift in Sources */,
				0B91D2CE20494116005C8D6F /* CreateBusinessPostViewController.swift in Sources */,
			);
			runOnlyForDeploymentPostprocessing = 0;
		};
/* End PBXSourcesBuildPhase section */

/* Begin PBXVariantGroup section */
		85EF1FED20202F9C00F39134 /* Main.storyboard */ = {
			isa = PBXVariantGroup;
			children = (
				85EF1FEE20202F9C00F39134 /* Base */,
			);
			name = Main.storyboard;
			sourceTree = "<group>";
		};
		85EF1FF220202F9C00F39134 /* LaunchScreen.storyboard */ = {
			isa = PBXVariantGroup;
			children = (
				85EF1FF320202F9C00F39134 /* Base */,
			);
			name = LaunchScreen.storyboard;
			sourceTree = "<group>";
		};
/* End PBXVariantGroup section */

/* Begin XCBuildConfiguration section */
		85EF1FF620202F9C00F39134 /* Debug */ = {
			isa = XCBuildConfiguration;
			buildSettings = {
				ALWAYS_SEARCH_USER_PATHS = NO;
				CLANG_ANALYZER_NONNULL = YES;
				CLANG_ANALYZER_NUMBER_OBJECT_CONVERSION = YES_AGGRESSIVE;
				CLANG_CXX_LANGUAGE_STANDARD = "gnu++14";
				CLANG_CXX_LIBRARY = "libc++";
				CLANG_ENABLE_MODULES = YES;
				CLANG_ENABLE_OBJC_ARC = YES;
				CLANG_WARN_BLOCK_CAPTURE_AUTORELEASING = YES;
				CLANG_WARN_BOOL_CONVERSION = YES;
				CLANG_WARN_COMMA = YES;
				CLANG_WARN_CONSTANT_CONVERSION = YES;
				CLANG_WARN_DIRECT_OBJC_ISA_USAGE = YES_ERROR;
				CLANG_WARN_DOCUMENTATION_COMMENTS = YES;
				CLANG_WARN_EMPTY_BODY = YES;
				CLANG_WARN_ENUM_CONVERSION = YES;
				CLANG_WARN_INFINITE_RECURSION = YES;
				CLANG_WARN_INT_CONVERSION = YES;
				CLANG_WARN_NON_LITERAL_NULL_CONVERSION = YES;
				CLANG_WARN_OBJC_LITERAL_CONVERSION = YES;
				CLANG_WARN_OBJC_ROOT_CLASS = YES_ERROR;
				CLANG_WARN_RANGE_LOOP_ANALYSIS = YES;
				CLANG_WARN_STRICT_PROTOTYPES = YES;
				CLANG_WARN_SUSPICIOUS_MOVE = YES;
				CLANG_WARN_UNGUARDED_AVAILABILITY = YES_AGGRESSIVE;
				CLANG_WARN_UNREACHABLE_CODE = YES;
				CLANG_WARN__DUPLICATE_METHOD_MATCH = YES;
				CODE_SIGN_IDENTITY = "iPhone Developer";
				COPY_PHASE_STRIP = NO;
				DEBUG_INFORMATION_FORMAT = dwarf;
				ENABLE_STRICT_OBJC_MSGSEND = YES;
				ENABLE_TESTABILITY = YES;
				GCC_C_LANGUAGE_STANDARD = gnu11;
				GCC_DYNAMIC_NO_PIC = NO;
				GCC_NO_COMMON_BLOCKS = YES;
				GCC_OPTIMIZATION_LEVEL = 0;
				GCC_PREPROCESSOR_DEFINITIONS = (
					"DEBUG=1",
					"$(inherited)",
				);
				GCC_WARN_64_TO_32_BIT_CONVERSION = YES;
				GCC_WARN_ABOUT_RETURN_TYPE = YES_ERROR;
				GCC_WARN_UNDECLARED_SELECTOR = YES;
				GCC_WARN_UNINITIALIZED_AUTOS = YES_AGGRESSIVE;
				GCC_WARN_UNUSED_FUNCTION = YES;
				GCC_WARN_UNUSED_VARIABLE = YES;
				IPHONEOS_DEPLOYMENT_TARGET = 11.2;
				MTL_ENABLE_DEBUG_INFO = YES;
				ONLY_ACTIVE_ARCH = YES;
				SDKROOT = iphoneos;
				SWIFT_ACTIVE_COMPILATION_CONDITIONS = DEBUG;
				SWIFT_OPTIMIZATION_LEVEL = "-Onone";
			};
			name = Debug;
		};
		85EF1FF720202F9C00F39134 /* Release */ = {
			isa = XCBuildConfiguration;
			buildSettings = {
				ALWAYS_SEARCH_USER_PATHS = NO;
				CLANG_ANALYZER_NONNULL = YES;
				CLANG_ANALYZER_NUMBER_OBJECT_CONVERSION = YES_AGGRESSIVE;
				CLANG_CXX_LANGUAGE_STANDARD = "gnu++14";
				CLANG_CXX_LIBRARY = "libc++";
				CLANG_ENABLE_MODULES = YES;
				CLANG_ENABLE_OBJC_ARC = YES;
				CLANG_WARN_BLOCK_CAPTURE_AUTORELEASING = YES;
				CLANG_WARN_BOOL_CONVERSION = YES;
				CLANG_WARN_COMMA = YES;
				CLANG_WARN_CONSTANT_CONVERSION = YES;
				CLANG_WARN_DIRECT_OBJC_ISA_USAGE = YES_ERROR;
				CLANG_WARN_DOCUMENTATION_COMMENTS = YES;
				CLANG_WARN_EMPTY_BODY = YES;
				CLANG_WARN_ENUM_CONVERSION = YES;
				CLANG_WARN_INFINITE_RECURSION = YES;
				CLANG_WARN_INT_CONVERSION = YES;
				CLANG_WARN_NON_LITERAL_NULL_CONVERSION = YES;
				CLANG_WARN_OBJC_LITERAL_CONVERSION = YES;
				CLANG_WARN_OBJC_ROOT_CLASS = YES_ERROR;
				CLANG_WARN_RANGE_LOOP_ANALYSIS = YES;
				CLANG_WARN_STRICT_PROTOTYPES = YES;
				CLANG_WARN_SUSPICIOUS_MOVE = YES;
				CLANG_WARN_UNGUARDED_AVAILABILITY = YES_AGGRESSIVE;
				CLANG_WARN_UNREACHABLE_CODE = YES;
				CLANG_WARN__DUPLICATE_METHOD_MATCH = YES;
				CODE_SIGN_IDENTITY = "iPhone Developer";
				COPY_PHASE_STRIP = NO;
				DEBUG_INFORMATION_FORMAT = "dwarf-with-dsym";
				ENABLE_NS_ASSERTIONS = NO;
				ENABLE_STRICT_OBJC_MSGSEND = YES;
				GCC_C_LANGUAGE_STANDARD = gnu11;
				GCC_NO_COMMON_BLOCKS = YES;
				GCC_WARN_64_TO_32_BIT_CONVERSION = YES;
				GCC_WARN_ABOUT_RETURN_TYPE = YES_ERROR;
				GCC_WARN_UNDECLARED_SELECTOR = YES;
				GCC_WARN_UNINITIALIZED_AUTOS = YES_AGGRESSIVE;
				GCC_WARN_UNUSED_FUNCTION = YES;
				GCC_WARN_UNUSED_VARIABLE = YES;
				IPHONEOS_DEPLOYMENT_TARGET = 11.2;
				MTL_ENABLE_DEBUG_INFO = NO;
				SDKROOT = iphoneos;
				SWIFT_OPTIMIZATION_LEVEL = "-Owholemodule";
				VALIDATE_PRODUCT = YES;
			};
			name = Release;
		};
		85EF1FF920202F9C00F39134 /* Debug */ = {
			isa = XCBuildConfiguration;
			baseConfigurationReference = A92112C1A72121355EBAB9E3 /* Pods-EMUICTProject.debug.xcconfig */;
			buildSettings = {
				ASSETCATALOG_COMPILER_APPICON_NAME = AppIcon;
				ASSETCATALOG_COMPILER_LAUNCHIMAGE_NAME = LaunchImage;
				CLANG_ENABLE_MODULES = YES;
				CODE_SIGN_STYLE = Automatic;
				DEVELOPMENT_TEAM = SEF4KAHA7J;
				INFOPLIST_FILE = EMUICTProject/Info.plist;
				IPHONEOS_DEPLOYMENT_TARGET = 11.0;
				LD_RUNPATH_SEARCH_PATHS = "$(inherited) @executable_path/Frameworks";
				PRODUCT_BUNDLE_IDENTIFIER = EMUICTProject;
				PRODUCT_NAME = "$(TARGET_NAME)";
				SWIFT_OBJC_BRIDGING_HEADER = "EMUICTProject/ViewController/EMUICTProject-Bridging-Header.h";
				SWIFT_OPTIMIZATION_LEVEL = "-Onone";
				SWIFT_VERSION = 4.0;
				TARGETED_DEVICE_FAMILY = "1,2";
			};
			name = Debug;
		};
		85EF1FFA20202F9C00F39134 /* Release */ = {
			isa = XCBuildConfiguration;
			baseConfigurationReference = FB2A6FE6E43BB96E05D4B226 /* Pods-EMUICTProject.release.xcconfig */;
			buildSettings = {
				ASSETCATALOG_COMPILER_APPICON_NAME = AppIcon;
				ASSETCATALOG_COMPILER_LAUNCHIMAGE_NAME = LaunchImage;
				CLANG_ENABLE_MODULES = YES;
				CODE_SIGN_STYLE = Automatic;
				DEVELOPMENT_TEAM = SEF4KAHA7J;
				INFOPLIST_FILE = EMUICTProject/Info.plist;
				IPHONEOS_DEPLOYMENT_TARGET = 11.0;
				LD_RUNPATH_SEARCH_PATHS = "$(inherited) @executable_path/Frameworks";
				PRODUCT_BUNDLE_IDENTIFIER = EMUICTProject;
				PRODUCT_NAME = "$(TARGET_NAME)";
				SWIFT_OBJC_BRIDGING_HEADER = "EMUICTProject/ViewController/EMUICTProject-Bridging-Header.h";
				SWIFT_VERSION = 4.0;
				TARGETED_DEVICE_FAMILY = "1,2";
			};
			name = Release;
		};
/* End XCBuildConfiguration section */

/* Begin XCConfigurationList section */
		85EF1FE120202F9C00F39134 /* Build configuration list for PBXProject "EMUICTProject" */ = {
			isa = XCConfigurationList;
			buildConfigurations = (
				85EF1FF620202F9C00F39134 /* Debug */,
				85EF1FF720202F9C00F39134 /* Release */,
			);
			defaultConfigurationIsVisible = 0;
			defaultConfigurationName = Release;
		};
		85EF1FF820202F9C00F39134 /* Build configuration list for PBXNativeTarget "EMUICTProject" */ = {
			isa = XCConfigurationList;
			buildConfigurations = (
				85EF1FF920202F9C00F39134 /* Debug */,
				85EF1FFA20202F9C00F39134 /* Release */,
			);
			defaultConfigurationIsVisible = 0;
			defaultConfigurationName = Release;
		};
/* End XCConfigurationList section */
	};
	rootObject = 85EF1FDE20202F9C00F39134 /* Project object */;
}
